
Microsoft Visual Studio Solution File, Format Version 12.00
# Visual Studio Version 17
VisualStudioVersion = 17.9.34723.18
MinimumVisualStudioVersion = 10.0.40219.1
Project("{9A19103F-16F7-4668-BE54-9A1E7A4F7556}") = "PNET_ININ4_HYBRYDA_PR2_2", "PNET_ININ4_HYBRYDA_PR2_2\PNET_ININ4_HYBRYDA_PR2_2.csproj", "{63549A00-47AC-4AE7-B4D7-CA90E0FAB7B7}"
EndProject
Global
	GlobalSection(SolutionConfigurationPlatforms) = preSolution
		Debug|Any CPU = Debug|Any CPU
		Release|Any CPU = Release|Any CPU
	EndGlobalSection
	GlobalSection(ProjectConfigurationPlatforms) = postSolution
		{63549A00-47AC-4AE7-B4D7-CA90E0FAB7B7}.Debug|Any CPU.ActiveCfg = Debug|Any CPU
		{63549A00-47AC-4AE7-B4D7-CA90E0FAB7B7}.Debug|Any CPU.Build.0 = Debug|Any CPU
		{63549A00-47AC-4AE7-B4D7-CA90E0FAB7B7}.Release|Any CPU.ActiveCfg = Release|Any CPU
		{63549A00-47AC-4AE7-B4D7-CA90E0FAB7B7}.Release|Any CPU.Build.0 = Release|Any CPU
	EndGlobalSection
	GlobalSection(SolutionProperties) = preSolution
		HideSolutionNode = FALSE
	EndGlobalSection
	GlobalSection(ExtensibilityGlobals) = postSolution
		SolutionGuid = {072AC657-81AC-4115-9CAF-9FE3B0270D73}
	EndGlobalSection
EndGlobal
